{
  "name": "gohub",
  "version": "1.0.1",
  "lockfileVersion": 1,
  "dependencies": {
    "@types/node": {
      "version": "8.0.5",
      "resolved": "https://registry.npmjs.org/@types/node/-/node-8.0.5.tgz",
      "integrity": "sha512-IsNpVyW4zlHwGhmgvo431KHiiLrTM4Exs5fbagWCt7Rl5IqBfN6BUdV4NW9Px+ItxtA9bsHJ+pFp4roZDe9/Sg==",
      "dev": true
    },
    "github-url-to-object": {
      "version": "4.0.2",
      "resolved": "https://registry.npmjs.org/github-url-to-object/-/github-url-to-object-4.0.2.tgz",
      "integrity": "sha1-EeIG1UJjtwGp47fMCaVbs4huDJc="
    },
    "is-url": {
      "version": "1.2.2",
      "resolved": "https://registry.npmjs.org/is-url/-/is-url-1.2.2.tgz",
      "integrity": "sha1-SYkFpZO/R8wtnn9zg3K792lsfyY="
    },
    "opener": {
      "version": "1.4.3",
      "resolved": "https://registry.npmjs.org/opener/-/opener-1.4.3.tgz",
      "integrity": "sha1-XG2ixdflgx6P+jlklQ+NZnSskLg="
    }
  }
}
